// !$*UTF8*$!
{
	archiveVersion = 1;
	classes = {
	};
	objectVersion = 45;
	objects = {

/* Begin PBXBuildFile section */
		1D3623260D0F684500981E51 /* GesturesAppDelegate.m in Sources */ = {isa = PBXBuildFile; fileRef = 1D3623250D0F684500981E51 /* GesturesAppDelegate.m */; };
		1D60589B0D05DD56006BFB54 /* main.m in Sources */ = {isa = PBXBuildFile; fileRef = 29B97316FDCFA39411CA2CEA /* main.m */; };
		1D60589F0D05DD5A006BFB54 /* Foundation.framework in Frameworks */ = {isa = PBXBuildFile; fileRef = 1D30AB110D05D00D00671497 /* Foundation.framework */; };
		1DF5F4E00D08C38300B7A737 /* UIKit.framework in Frameworks */ = {isa = PBXBuildFile; fileRef = 1DF5F4DF0D08C38300B7A737 /* UIKit.framework */; };
		288765A50DF7441C002DB57D /* CoreGraphics.framework in Frameworks */ = {isa = PBXBuildFile; fileRef = 288765A40DF7441C002DB57D /* CoreGraphics.framework */; };
		2899E5220DE3E06400AC0155 /* GesturesViewController.xib in Resources */ = {isa = PBXBuildFile; fileRef = 2899E5210DE3E06400AC0155 /* GesturesViewController.xib */; };
		28D7ACF80DDB3853001CB0EB /* GesturesViewController.m in Sources */ = {isa = PBXBuildFile; fileRef = 28D7ACF70DDB3853001CB0EB /* GesturesViewController.m */; };
		664F538A123BE1FC00037D3C /* GLGestureRecognizer+JSONTemplates.m in Sources */ = {isa = PBXBuildFile; fileRef = 664F5389123BE1FC00037D3C /* GLGestureRecognizer+JSONTemplates.m */; };
		66597BE90FA682C100CCA91E /* GestureView.m in Sources */ = {isa = PBXBuildFile; fileRef = 66597BE80FA682C100CCA91E /* GestureView.m */; };
		66597D070FA6AF1D00CCA91E /* Gestures.json in Resources */ = {isa = PBXBuildFile; fileRef = 66597D060FA6AF1D00CCA91E /* Gestures.json */; };
		66597D670FA7B95300CCA91E /* GLGestureRecognizer.m in Sources */ = {isa = PBXBuildFile; fileRef = 66597D660FA7B95300CCA91E /* GLGestureRecognizer.m */; };
/* End PBXBuildFile section */

/* Begin PBXFileReference section */
		1D30AB110D05D00D00671497 /* Foundation.framework */ = {isa = PBXFileReference; lastKnownFileType = wrapper.framework; name = Foundation.framework; path = System/Library/Frameworks/Foundation.framework; sourceTree = SDKROOT; };
		1D3623240D0F684500981E51 /* GesturesAppDelegate.h */ = {isa = PBXFileReference; fileEncoding = 4; lastKnownFileType = sourcecode.c.h; path = GesturesAppDelegate.h; sourceTree = "<group>"; };
		1D3623250D0F684500981E51 /* GesturesAppDelegate.m */ = {isa = PBXFileReference; fileEncoding = 4; lastKnownFileType = sourcecode.c.objc; path = GesturesAppDelegate.m; sourceTree = "<group>"; };
		1D6058910D05DD3D006BFB54 /* GesturesDemo.app */ = {isa = PBXFileReference; explicitFileType = wrapper.application; includeInIndex = 0; path = GesturesDemo.app; sourceTree = BUILT_PRODUCTS_DIR; };
		1DF5F4DF0D08C38300B7A737 /* UIKit.framework */ = {isa = PBXFileReference; lastKnownFileType = wrapper.framework; name = UIKit.framework; path = System/Library/Frameworks/UIKit.framework; sourceTree = SDKROOT; };
		288765A40DF7441C002DB57D /* CoreGraphics.framework */ = {isa = PBXFileReference; lastKnownFileType = wrapper.framework; name = CoreGraphics.framework; path = System/Library/Frameworks/CoreGraphics.framework; sourceTree = SDKROOT; };
		2899E5210DE3E06400AC0155 /* GesturesViewController.xib */ = {isa = PBXFileReference; lastKnownFileType = file.xib; path = GesturesViewController.xib; sourceTree = "<group>"; };
		28D7ACF60DDB3853001CB0EB /* GesturesViewController.h */ = {isa = PBXFileReference; fileEncoding = 4; lastKnownFileType = sourcecode.c.h; path = GesturesViewController.h; sourceTree = "<group>"; };
		28D7ACF70DDB3853001CB0EB /* GesturesViewController.m */ = {isa = PBXFileReference; fileEncoding = 4; lastKnownFileType = sourcecode.c.objc; path = GesturesViewController.m; sourceTree = "<group>"; };
		29B97316FDCFA39411CA2CEA /* main.m */ = {isa = PBXFileReference; fileEncoding = 4; lastKnownFileType = sourcecode.c.objc; path = main.m; sourceTree = "<group>"; };
		32CA4F630368D1EE00C91783 /* GesturesDemo_Prefix.pch */ = {isa = PBXFileReference; fileEncoding = 4; lastKnownFileType = sourcecode.c.h; path = GesturesDemo_Prefix.pch; sourceTree = "<group>"; };
		664F537F123BE0E900037D3C /* README.markdown */ = {isa = PBXFileReference; fileEncoding = 4; lastKnownFileType = text; path = README.markdown; sourceTree = "<group>"; wrapsLines = 1; };
		664F5388123BE1FC00037D3C /* GLGestureRecognizer+JSONTemplates.h */ = {isa = PBXFileReference; fileEncoding = 4; lastKnownFileType = sourcecode.c.h; path = "GLGestureRecognizer+JSONTemplates.h"; sourceTree = "<group>"; };
		664F5389123BE1FC00037D3C /* GLGestureRecognizer+JSONTemplates.m */ = {isa = PBXFileReference; fileEncoding = 4; lastKnownFileType = sourcecode.c.objc; path = "GLGestureRecognizer+JSONTemplates.m"; sourceTree = "<group>"; };
		66597BE70FA682C100CCA91E /* GestureView.h */ = {isa = PBXFileReference; fileEncoding = 4; lastKnownFileType = sourcecode.c.h; path = GestureView.h; sourceTree = "<group>"; };
		66597BE80FA682C100CCA91E /* GestureView.m */ = {isa = PBXFileReference; fileEncoding = 4; lastKnownFileType = sourcecode.c.objc; path = GestureView.m; sourceTree = "<group>"; };
		66597D060FA6AF1D00CCA91E /* Gestures.json */ = {isa = PBXFileReference; fileEncoding = 4; lastKnownFileType = text.json; path = Gestures.json; sourceTree = "<group>"; };
		66597D650FA7B95300CCA91E /* GLGestureRecognizer.h */ = {isa = PBXFileReference; fileEncoding = 4; lastKnownFileType = sourcecode.c.h; path = GLGestureRecognizer.h; sourceTree = "<group>"; };
		66597D660FA7B95300CCA91E /* GLGestureRecognizer.m */ = {isa = PBXFileReference; fileEncoding = 4; lastKnownFileType = sourcecode.c.objc; path = GLGestureRecognizer.m; sourceTree = "<group>"; };
		8D1107310486CEB800E47090 /* Info.plist */ = {isa = PBXFileReference; fileEncoding = 4; lastKnownFileType = text.plist.xml; path = Info.plist; sourceTree = "<group>"; };
/* End PBXFileReference section */

/* Begin PBXFrameworksBuildPhase section */
		1D60588F0D05DD3D006BFB54 /* Frameworks */ = {
			isa = PBXFrameworksBuildPhase;
			buildActionMask = 2147483647;
			files = (
				1D60589F0D05DD5A006BFB54 /* Foundation.framework in Frameworks */,
				1DF5F4E00D08C38300B7A737 /* UIKit.framework in Frameworks */,
				288765A50DF7441C002DB57D /* CoreGraphics.framework in Frameworks */,
			);
			runOnlyForDeploymentPostprocessing = 0;
		};
/* End PBXFrameworksBuildPhase section */

/* Begin PBXGroup section */
		080E96DDFE201D6D7F000001 /* GesturesDemo */ = {
			isa = PBXGroup;
			children = (
				1D3623240D0F684500981E51 /* GesturesAppDelegate.h */,
				1D3623250D0F684500981E51 /* GesturesAppDelegate.m */,
				28D7ACF60DDB3853001CB0EB /* GesturesViewController.h */,
				28D7ACF70DDB3853001CB0EB /* GesturesViewController.m */,
				2899E5210DE3E06400AC0155 /* GesturesViewController.xib */,
				66597BE70FA682C100CCA91E /* GestureView.h */,
				66597BE80FA682C100CCA91E /* GestureView.m */,
				66597D060FA6AF1D00CCA91E /* Gestures.json */,
			);
			path = GesturesDemo;
			sourceTree = "<group>";
		};
		19C28FACFE9D520D11CA2CBB /* Products */ = {
			isa = PBXGroup;
			children = (
				1D6058910D05DD3D006BFB54 /* GesturesDemo.app */,
			);
			name = Products;
			sourceTree = "<group>";
		};
		29B97314FDCFA39411CA2CEA /* CustomTemplate */ = {
			isa = PBXGroup;
			children = (
				664F537F123BE0E900037D3C /* README.markdown */,
				664F5387123BE1B700037D3C /* GLGestureRecognizer */,
				080E96DDFE201D6D7F000001 /* GesturesDemo */,
				29B97315FDCFA39411CA2CEA /* Supporting Files */,
				29B97323FDCFA39411CA2CEA /* Frameworks */,
				19C28FACFE9D520D11CA2CBB /* Products */,
			);
			name = CustomTemplate;
			sourceTree = "<group>";
		};
		29B97315FDCFA39411CA2CEA /* Supporting Files */ = {
			isa = PBXGroup;
			children = (
				32CA4F630368D1EE00C91783 /* GesturesDemo_Prefix.pch */,
				29B97316FDCFA39411CA2CEA /* main.m */,
				8D1107310486CEB800E47090 /* Info.plist */,
			);
			name = "Supporting Files";
			path = GesturesDemo;
			sourceTree = "<group>";
		};
		29B97323FDCFA39411CA2CEA /* Frameworks */ = {
			isa = PBXGroup;
			children = (
				1DF5F4DF0D08C38300B7A737 /* UIKit.framework */,
				1D30AB110D05D00D00671497 /* Foundation.framework */,
				288765A40DF7441C002DB57D /* CoreGraphics.framework */,
			);
			name = Frameworks;
			sourceTree = "<group>";
		};
		664F5387123BE1B700037D3C /* GLGestureRecognizer */ = {
			isa = PBXGroup;
			children = (
				66597D650FA7B95300CCA91E /* GLGestureRecognizer.h */,
				66597D660FA7B95300CCA91E /* GLGestureRecognizer.m */,
				664F5388123BE1FC00037D3C /* GLGestureRecognizer+JSONTemplates.h */,
				664F5389123BE1FC00037D3C /* GLGestureRecognizer+JSONTemplates.m */,
			);
			path = GLGestureRecognizer;
			sourceTree = "<group>";
		};
/* End PBXGroup section */

/* Begin PBXNativeTarget section */
		1D6058900D05DD3D006BFB54 /* GesturesDemo */ = {
			isa = PBXNativeTarget;
			buildConfigurationList = 1D6058960D05DD3E006BFB54 /* Build configuration list for PBXNativeTarget "GesturesDemo" */;
			buildPhases = (
				1D60588D0D05DD3D006BFB54 /* Resources */,
				1D60588E0D05DD3D006BFB54 /* Sources */,
				1D60588F0D05DD3D006BFB54 /* Frameworks */,
			);
			buildRules = (
			);
			dependencies = (
			);
			name = GesturesDemo;
			productName = Gestures;
			productReference = 1D6058910D05DD3D006BFB54 /* GesturesDemo.app */;
			productType = "com.apple.product-type.application";
		};
/* End PBXNativeTarget section */

/* Begin PBXProject section */
		29B97313FDCFA39411CA2CEA /* Project object */ = {
			isa = PBXProject;
			buildConfigurationList = C01FCF4E08A954540054247B /* Build configuration list for PBXProject "GesturesDemo" */;
			compatibilityVersion = "Xcode 3.1";
			developmentRegion = English;
			hasScannedForEncodings = 1;
			knownRegions = (
				English,
				Japanese,
				French,
				German,
			);
			mainGroup = 29B97314FDCFA39411CA2CEA /* CustomTemplate */;
			projectDirPath = "";
			projectRoot = "";
			targets = (
				1D6058900D05DD3D006BFB54 /* GesturesDemo */,
			);
		};
/* End PBXProject section */

/* Begin PBXResourcesBuildPhase section */
		1D60588D0D05DD3D006BFB54 /* Resources */ = {
			isa = PBXResourcesBuildPhase;
			buildActionMask = 2147483647;
			files = (
				2899E5220DE3E06400AC0155 /* GesturesViewController.xib in Resources */,
				66597D070FA6AF1D00CCA91E /* Gestures.json in Resources */,
			);
			runOnlyForDeploymentPostprocessing = 0;
		};
/* End PBXResourcesBuildPhase section */

/* Begin PBXSourcesBuildPhase section */
		1D60588E0D05DD3D006BFB54 /* Sources */ = {
			isa = PBXSourcesBuildPhase;
			buildActionMask = 2147483647;
			files = (
				1D60589B0D05DD56006BFB54 /* main.m in Sources */,
				1D3623260D0F684500981E51 /* GesturesAppDelegate.m in Sources */,
				28D7ACF80DDB3853001CB0EB /* GesturesViewController.m in Sources */,
				66597BE90FA682C100CCA91E /* GestureView.m in Sources */,
				66597D670FA7B95300CCA91E /* GLGestureRecognizer.m in Sources */,
				664F538A123BE1FC00037D3C /* GLGestureRecognizer+JSONTemplates.m in Sources */,
			);
			runOnlyForDeploymentPostprocessing = 0;
		};
/* End PBXSourcesBuildPhase section */

/* Begin XCBuildConfiguration section */
		1D6058940D05DD3E006BFB54 /* Debug */ = {
			isa = XCBuildConfiguration;
			buildSettings = {
				ALWAYS_SEARCH_USER_PATHS = NO;
				CLANG_ENABLE_OBJC_ARC = YES;
				COPY_PHASE_STRIP = NO;
				GCC_DYNAMIC_NO_PIC = NO;
				GCC_OPTIMIZATION_LEVEL = 0;
				GCC_PRECOMPILE_PREFIX_HEADER = YES;
				GCC_PREFIX_HEADER = GesturesDemo/GesturesDemo_Prefix.pch;
				INFOPLIST_FILE = "$(SRCROOT)/GesturesDemo/Info.plist";
				PRODUCT_NAME = GesturesDemo;
			};
			name = Debug;
		};
		1D6058950D05DD3E006BFB54 /* Release */ = {
			isa = XCBuildConfiguration;
			buildSettings = {
				ALWAYS_SEARCH_USER_PATHS = NO;
				CLANG_ENABLE_OBJC_ARC = YES;
				COPY_PHASE_STRIP = YES;
				GCC_PRECOMPILE_PREFIX_HEADER = YES;
				GCC_PREFIX_HEADER = GesturesDemo/GesturesDemo_Prefix.pch;
				INFOPLIST_FILE = "$(SRCROOT)/GesturesDemo/Info.plist";
				PRODUCT_NAME = GesturesDemo;
			};
			name = Release;
		};
		C01FCF4F08A954540054247B /* Debug */ = {
			isa = XCBuildConfiguration;
			buildSettings = {
				ARCHS = "$(ARCHS_STANDARD_32_BIT)";
				"CODE_SIGN_IDENTITY[sdk=iphoneos*]" = "iPhone Developer";
				GCC_C_LANGUAGE_STANDARD = c99;
				GCC_WARN_ABOUT_RETURN_TYPE = YES;
				GCC_WARN_UNUSED_VARIABLE = YES;
				ONLY_ACTIVE_ARCH = YES;
				PREBINDING = NO;
				SDKROOT = iphoneos;
			};
			name = Debug;
		};
		C01FCF5008A954540054247B /* Release */ = {
			isa = XCBuildConfiguration;
			buildSettings = {
				ARCHS = "$(ARCHS_STANDARD_32_BIT)";
				"CODE_SIGN_IDENTITY[sdk=iphoneos*]" = "iPhone Developer";
				GCC_C_LANGUAGE_STANDARD = c99;
				GCC_WARN_ABOUT_RETURN_TYPE = YES;
				GCC_WARN_UNUSED_VARIABLE = YES;
				PREBINDING = NO;
				SDKROOT = iphoneos;
			};
			name = Release;
		};
/* End XCBuildConfiguration section */

/* Begin XCConfigurationList section */
		1D6058960D05DD3E006BFB54 /* Build configuration list for PBXNativeTarget "GesturesDemo" */ = {
			isa = XCConfigurationList;
			buildConfigurations = (
				1D6058940D05DD3E006BFB54 /* Debug */,
				1D6058950D05DD3E006BFB54 /* Release */,
			);
			defaultConfigurationIsVisible = 0;
			defaultConfigurationName = Release;
		};
		C01FCF4E08A954540054247B /* Build configuration list for PBXProject "GesturesDemo" */ = {
			isa = XCConfigurationList;
			buildConfigurations = (
				C01FCF4F08A954540054247B /* Debug */,
				C01FCF5008A954540054247B /* Release */,
			);
			defaultConfigurationIsVisible = 0;
			defaultConfigurationName = Release;
		};
/* End XCConfigurationList section */
	};
	rootObject = 29B97313FDCFA39411CA2CEA /* Project object */;
}
